
Microsoft Visual Studio Solution File, Format Version 12.00
# Visual Studio Version 16
VisualStudioVersion = 16.0.33423.256
MinimumVisualStudioVersion = 10.0.40219.1
Project("{FAE04EC0-301F-11D3-BF4B-00C04F79EFBC}") = "Input", "Input\Input.csproj", "{1B98FB8C-9D44-40F0-9F60-DAAD6A3467FC}"
EndProject
Global
	GlobalSection(SolutionConfigurationPlatforms) = preSolution
		Debug|Any CPU = Debug|Any CPU
		Release|Any CPU = Release|Any CPU
	EndGlobalSection
	GlobalSection(ProjectConfigurationPlatforms) = postSolution
		{1B98FB8C-9D44-40F0-9F60-DAAD6A3467FC}.Debug|Any CPU.ActiveCfg = Debug|Any CPU
		{1B98FB8C-9D44-40F0-9F60-DAAD6A3467FC}.Debug|Any CPU.Build.0 = Debug|Any CPU
		{1B98FB8C-9D44-40F0-9F60-DAAD6A3467FC}.Release|Any CPU.ActiveCfg = Release|Any CPU
		{1B98FB8C-9D44-40F0-9F60-DAAD6A3467FC}.Release|Any CPU.Build.0 = Release|Any CPU
	EndGlobalSection
	GlobalSection(SolutionProperties) = preSolution
		HideSolutionNode = FALSE
	EndGlobalSection
	GlobalSection(ExtensibilityGlobals) = postSolution
		SolutionGuid = {1944CE0B-AA2E-41B0-8906-CC7F7D0F121D}
	EndGlobalSection
EndGlobal
