
Microsoft Visual Studio Solution File, Format Version 12.00
# Visual Studio Version 16
VisualStudioVersion = 16.0.33423.256
MinimumVisualStudioVersion = 10.0.40219.1
Project("{FAE04EC0-301F-11D3-BF4B-00C04F79EFBC}") = "BooleanLogicAssignment", "BooleanLogicAssignment\BooleanLogicAssignment.csproj", "{F83F2982-259B-4265-A4D2-D1F56F9EDA02}"
EndProject
Global
	GlobalSection(SolutionConfigurationPlatforms) = preSolution
		Debug|Any CPU = Debug|Any CPU
		Release|Any CPU = Release|Any CPU
	EndGlobalSection
	GlobalSection(ProjectConfigurationPlatforms) = postSolution
		{F83F2982-259B-4265-A4D2-D1F56F9EDA02}.Debug|Any CPU.ActiveCfg = Debug|Any CPU
		{F83F2982-259B-4265-A4D2-D1F56F9EDA02}.Debug|Any CPU.Build.0 = Debug|Any CPU
		{F83F2982-259B-4265-A4D2-D1F56F9EDA02}.Release|Any CPU.ActiveCfg = Release|Any CPU
		{F83F2982-259B-4265-A4D2-D1F56F9EDA02}.Release|Any CPU.Build.0 = Release|Any CPU
	EndGlobalSection
	GlobalSection(SolutionProperties) = preSolution
		HideSolutionNode = FALSE
	EndGlobalSection
	GlobalSection(ExtensibilityGlobals) = postSolution
		SolutionGuid = {2BA4C022-AEF6-4C6A-A362-C5E40CD47907}
	EndGlobalSection
EndGlobal
