
Microsoft Visual Studio Solution File, Format Version 12.00
# Visual Studio Version 16
VisualStudioVersion = 16.0.33423.256
MinimumVisualStudioVersion = 10.0.40219.1
Project("{FAE04EC0-301F-11D3-BF4B-00C04F79EFBC}") = "ConsoleAppAssignment", "ConsoleAppAssignment\ConsoleAppAssignment.csproj", "{FA28262B-0C47-4DD9-8FB6-52CE0EE5015B}"
EndProject
Global
	GlobalSection(SolutionConfigurationPlatforms) = preSolution
		Debug|Any CPU = Debug|Any CPU
		Release|Any CPU = Release|Any CPU
	EndGlobalSection
	GlobalSection(ProjectConfigurationPlatforms) = postSolution
		{FA28262B-0C47-4DD9-8FB6-52CE0EE5015B}.Debug|Any CPU.ActiveCfg = Debug|Any CPU
		{FA28262B-0C47-4DD9-8FB6-52CE0EE5015B}.Debug|Any CPU.Build.0 = Debug|Any CPU
		{FA28262B-0C47-4DD9-8FB6-52CE0EE5015B}.Release|Any CPU.ActiveCfg = Release|Any CPU
		{FA28262B-0C47-4DD9-8FB6-52CE0EE5015B}.Release|Any CPU.Build.0 = Release|Any CPU
	EndGlobalSection
	GlobalSection(SolutionProperties) = preSolution
		HideSolutionNode = FALSE
	EndGlobalSection
	GlobalSection(ExtensibilityGlobals) = postSolution
		SolutionGuid = {2DF5A327-E136-47AE-95C4-E45AEAE0BCEA}
	EndGlobalSection
EndGlobal
