
Microsoft Visual Studio Solution File, Format Version 12.00
# Visual Studio Version 16
VisualStudioVersion = 16.0.33423.256
MinimumVisualStudioVersion = 10.0.40219.1
Project("{FAE04EC0-301F-11D3-BF4B-00C04F79EFBC}") = "BooleanComparisonWhileStatement", "BooleanComparisonWhileStatement\BooleanComparisonWhileStatement.csproj", "{15AC09A7-492A-4539-BC34-753EBC00CFF5}"
EndProject
Global
	GlobalSection(SolutionConfigurationPlatforms) = preSolution
		Debug|Any CPU = Debug|Any CPU
		Release|Any CPU = Release|Any CPU
	EndGlobalSection
	GlobalSection(ProjectConfigurationPlatforms) = postSolution
		{15AC09A7-492A-4539-BC34-753EBC00CFF5}.Debug|Any CPU.ActiveCfg = Debug|Any CPU
		{15AC09A7-492A-4539-BC34-753EBC00CFF5}.Debug|Any CPU.Build.0 = Debug|Any CPU
		{15AC09A7-492A-4539-BC34-753EBC00CFF5}.Release|Any CPU.ActiveCfg = Release|Any CPU
		{15AC09A7-492A-4539-BC34-753EBC00CFF5}.Release|Any CPU.Build.0 = Release|Any CPU
	EndGlobalSection
	GlobalSection(SolutionProperties) = preSolution
		HideSolutionNode = FALSE
	EndGlobalSection
	GlobalSection(ExtensibilityGlobals) = postSolution
		SolutionGuid = {C47DC0CB-A2F7-4E3A-9BC6-4A807373EFBB}
	EndGlobalSection
EndGlobal
