
Microsoft Visual Studio Solution File, Format Version 12.00
# Visual Studio Version 16
VisualStudioVersion = 16.0.33423.256
MinimumVisualStudioVersion = 10.0.40219.1
Project("{FAE04EC0-301F-11D3-BF4B-00C04F79EFBC}") = "TryCatch", "TryCatch\TryCatch.csproj", "{AACC7F3F-B9DD-465A-BB07-745193A20549}"
EndProject
Global
	GlobalSection(SolutionConfigurationPlatforms) = preSolution
		Debug|Any CPU = Debug|Any CPU
		Release|Any CPU = Release|Any CPU
	EndGlobalSection
	GlobalSection(ProjectConfigurationPlatforms) = postSolution
		{AACC7F3F-B9DD-465A-BB07-745193A20549}.Debug|Any CPU.ActiveCfg = Debug|Any CPU
		{AACC7F3F-B9DD-465A-BB07-745193A20549}.Debug|Any CPU.Build.0 = Debug|Any CPU
		{AACC7F3F-B9DD-465A-BB07-745193A20549}.Release|Any CPU.ActiveCfg = Release|Any CPU
		{AACC7F3F-B9DD-465A-BB07-745193A20549}.Release|Any CPU.Build.0 = Release|Any CPU
	EndGlobalSection
	GlobalSection(SolutionProperties) = preSolution
		HideSolutionNode = FALSE
	EndGlobalSection
	GlobalSection(ExtensibilityGlobals) = postSolution
		SolutionGuid = {6594B103-CA2C-4D0E-A776-70851B436A02}
	EndGlobalSection
EndGlobal
